// !$*UTF8*$!
{
	archiveVersion = 1;
	classes = {
	};
	objectVersion = 51;
	objects = {

/* Begin PBXBuildFile section */
		09396F5E2970FB5A00EDB1E0 /* AppDelegate.swift in Sources */ = {isa = PBXBuildFile; fileRef = 09396F5D2970FB5A00EDB1E0 /* AppDelegate.swift */; };
		09396F602970FB5A00EDB1E0 /* SceneDelegate.swift in Sources */ = {isa = PBXBuildFile; fileRef = 09396F5F2970FB5A00EDB1E0 /* SceneDelegate.swift */; };
		09396F622970FB5A00EDB1E0 /* ContentView.swift in Sources */ = {isa = PBXBuildFile; fileRef = 09396F612970FB5A00EDB1E0 /* ContentView.swift */; };
		09396F642970FB6C00EDB1E0 /* Assets.xcassets in Resources */ = {isa = PBXBuildFile; fileRef = 09396F632970FB6C00EDB1E0 /* Assets.xcassets */; };
		09396F672970FB6C00EDB1E0 /* Preview Assets.xcassets in Resources */ = {isa = PBXBuildFile; fileRef = 09396F662970FB6C00EDB1E0 /* Preview Assets.xcassets */; };
		09396F6A2970FB6C00EDB1E0 /* LaunchScreen.storyboard in Resources */ = {isa = PBXBuildFile; fileRef = 09396F682970FB6C00EDB1E0 /* LaunchScreen.storyboard */; };
		09396F752970FB6E00EDB1E0 /* FoodAppTests.swift in Sources */ = {isa = PBXBuildFile; fileRef = 09396F742970FB6E00EDB1E0 /* FoodAppTests.swift */; };
		09396F802970FB6E00EDB1E0 /* FoodAppUITests.swift in Sources */ = {isa = PBXBuildFile; fileRef = 09396F7F2970FB6E00EDB1E0 /* FoodAppUITests.swift */; };
		09F9F2DA2971275C005374E1 /* GoogleService-Info.plist in Resources */ = {isa = PBXBuildFile; fileRef = 09F9F2D92971275C005374E1 /* GoogleService-Info.plist */; };
		CF0F983CDD29F8995D10DE75 /* Pods_FoodApp_FoodAppUITests.framework in Frameworks */ = {isa = PBXBuildFile; fileRef = FC020F9BF1C9F3F381F4AE82 /* Pods_FoodApp_FoodAppUITests.framework */; };
		E4152D409B35444D22A2214E /* Pods_FoodApp.framework in Frameworks */ = {isa = PBXBuildFile; fileRef = 8F48F0E668A956C1955D21A2 /* Pods_FoodApp.framework */; };
		F68726CAD613B064E05ADF0B /* Pods_FoodAppTests.framework in Frameworks */ = {isa = PBXBuildFile; fileRef = DACAB9CBB1D9C09B1F8A7A82 /* Pods_FoodAppTests.framework */; };
/* End PBXBuildFile section */

/* Begin PBXContainerItemProxy section */
		09396F712970FB6E00EDB1E0 /* PBXContainerItemProxy */ = {
			isa = PBXContainerItemProxy;
			containerPortal = 09396F522970FB5A00EDB1E0 /* Project object */;
			proxyType = 1;
			remoteGlobalIDString = 09396F592970FB5A00EDB1E0;
			remoteInfo = FoodApp;
		};
		09396F7C2970FB6E00EDB1E0 /* PBXContainerItemProxy */ = {
			isa = PBXContainerItemProxy;
			containerPortal = 09396F522970FB5A00EDB1E0 /* Project object */;
			proxyType = 1;
			remoteGlobalIDString = 09396F592970FB5A00EDB1E0;
			remoteInfo = FoodApp;
		};
/* End PBXContainerItemProxy section */

/* Begin PBXFileReference section */
		09396F5A2970FB5A00EDB1E0 /* FoodApp.app */ = {isa = PBXFileReference; explicitFileType = wrapper.application; includeInIndex = 0; path = FoodApp.app; sourceTree = BUILT_PRODUCTS_DIR; };
		09396F5D2970FB5A00EDB1E0 /* AppDelegate.swift */ = {isa = PBXFileReference; lastKnownFileType = sourcecode.swift; path = AppDelegate.swift; sourceTree = "<group>"; };
		09396F5F2970FB5A00EDB1E0 /* SceneDelegate.swift */ = {isa = PBXFileReference; lastKnownFileType = sourcecode.swift; path = SceneDelegate.swift; sourceTree = "<group>"; };
		09396F612970FB5A00EDB1E0 /* ContentView.swift */ = {isa = PBXFileReference; lastKnownFileType = sourcecode.swift; path = ContentView.swift; sourceTree = "<group>"; };
		09396F632970FB6C00EDB1E0 /* Assets.xcassets */ = {isa = PBXFileReference; lastKnownFileType = folder.assetcatalog; path = Assets.xcassets; sourceTree = "<group>"; };
		09396F662970FB6C00EDB1E0 /* Preview Assets.xcassets */ = {isa = PBXFileReference; lastKnownFileType = folder.assetcatalog; path = "Preview Assets.xcassets"; sourceTree = "<group>"; };
		09396F692970FB6C00EDB1E0 /* Base */ = {isa = PBXFileReference; lastKnownFileType = file.storyboard; name = Base; path = Base.lproj/LaunchScreen.storyboard; sourceTree = "<group>"; };
		09396F6B2970FB6C00EDB1E0 /* Info.plist */ = {isa = PBXFileReference; lastKnownFileType = text.plist.xml; path = Info.plist; sourceTree = "<group>"; };
		09396F702970FB6E00EDB1E0 /* FoodAppTests.xctest */ = {isa = PBXFileReference; explicitFileType = wrapper.cfbundle; includeInIndex = 0; path = FoodAppTests.xctest; sourceTree = BUILT_PRODUCTS_DIR; };
		09396F742970FB6E00EDB1E0 /* FoodAppTests.swift */ = {isa = PBXFileReference; lastKnownFileType = sourcecode.swift; path = FoodAppTests.swift; sourceTree = "<group>"; };
		09396F762970FB6E00EDB1E0 /* Info.plist */ = {isa = PBXFileReference; lastKnownFileType = text.plist.xml; path = Info.plist; sourceTree = "<group>"; };
		09396F7B2970FB6E00EDB1E0 /* FoodAppUITests.xctest */ = {isa = PBXFileReference; explicitFileType = wrapper.cfbundle; includeInIndex = 0; path = FoodAppUITests.xctest; sourceTree = BUILT_PRODUCTS_DIR; };
		09396F7F2970FB6E00EDB1E0 /* FoodAppUITests.swift */ = {isa = PBXFileReference; lastKnownFileType = sourcecode.swift; path = FoodAppUITests.swift; sourceTree = "<group>"; };
		09396F812970FB6E00EDB1E0 /* Info.plist */ = {isa = PBXFileReference; lastKnownFileType = text.plist.xml; path = Info.plist; sourceTree = "<group>"; };
		09F9F2D92971275C005374E1 /* GoogleService-Info.plist */ = {isa = PBXFileReference; fileEncoding = 4; lastKnownFileType = text.plist.xml; path = "GoogleService-Info.plist"; sourceTree = "<group>"; };
		1746D8DDC1D281705BE5F664 /* Pods-FoodApp.debug.xcconfig */ = {isa = PBXFileReference; includeInIndex = 1; lastKnownFileType = text.xcconfig; name = "Pods-FoodApp.debug.xcconfig"; path = "Target Support Files/Pods-FoodApp/Pods-FoodApp.debug.xcconfig"; sourceTree = "<group>"; };
		1B0729420EECE6ACBBC09E2A /* Pods-FoodAppTests.release.xcconfig */ = {isa = PBXFileReference; includeInIndex = 1; lastKnownFileType = text.xcconfig; name = "Pods-FoodAppTests.release.xcconfig"; path = "Target Support Files/Pods-FoodAppTests/Pods-FoodAppTests.release.xcconfig"; sourceTree = "<group>"; };
		28FB6EF1F34D3171F0C664AC /* Pods-FoodApp.release.xcconfig */ = {isa = PBXFileReference; includeInIndex = 1; lastKnownFileType = text.xcconfig; name = "Pods-FoodApp.release.xcconfig"; path = "Target Support Files/Pods-FoodApp/Pods-FoodApp.release.xcconfig"; sourceTree = "<group>"; };
		8F48F0E668A956C1955D21A2 /* Pods_FoodApp.framework */ = {isa = PBXFileReference; explicitFileType = wrapper.framework; includeInIndex = 0; path = Pods_FoodApp.framework; sourceTree = BUILT_PRODUCTS_DIR; };
		BCE550192CA13A08D0837B73 /* Pods-FoodAppTests.debug.xcconfig */ = {isa = PBXFileReference; includeInIndex = 1; lastKnownFileType = text.xcconfig; name = "Pods-FoodAppTests.debug.xcconfig"; path = "Target Support Files/Pods-FoodAppTests/Pods-FoodAppTests.debug.xcconfig"; sourceTree = "<group>"; };
		CDAFC780778C416C9BB95D4F /* Pods-FoodApp-FoodAppUITests.debug.xcconfig */ = {isa = PBXFileReference; includeInIndex = 1; lastKnownFileType = text.xcconfig; name = "Pods-FoodApp-FoodAppUITests.debug.xcconfig"; path = "Target Support Files/Pods-FoodApp-FoodAppUITests/Pods-FoodApp-FoodAppUITests.debug.xcconfig"; sourceTree = "<group>"; };
		DACAB9CBB1D9C09B1F8A7A82 /* Pods_FoodAppTests.framework */ = {isa = PBXFileReference; explicitFileType = wrapper.framework; includeInIndex = 0; path = Pods_FoodAppTests.framework; sourceTree = BUILT_PRODUCTS_DIR; };
		E344AEA93AFE270944EA5209 /* Pods-FoodApp-FoodAppUITests.release.xcconfig */ = {isa = PBXFileReference; includeInIndex = 1; lastKnownFileType = text.xcconfig; name = "Pods-FoodApp-FoodAppUITests.release.xcconfig"; path = "Target Support Files/Pods-FoodApp-FoodAppUITests/Pods-FoodApp-FoodAppUITests.release.xcconfig"; sourceTree = "<group>"; };
		FC020F9BF1C9F3F381F4AE82 /* Pods_FoodApp_FoodAppUITests.framework */ = {isa = PBXFileReference; explicitFileType = wrapper.framework; includeInIndex = 0; path = Pods_FoodApp_FoodAppUITests.framework; sourceTree = BUILT_PRODUCTS_DIR; };
/* End PBXFileReference section */

/* Begin PBXFrameworksBuildPhase section */
		09396F572970FB5A00EDB1E0 /* Frameworks */ = {
			isa = PBXFrameworksBuildPhase;
			buildActionMask = 2147483647;
			files = (
				E4152D409B35444D22A2214E /* Pods_FoodApp.framework in Frameworks */,
			);
			runOnlyForDeploymentPostprocessing = 0;
		};
		09396F6D2970FB6E00EDB1E0 /* Frameworks */ = {
			isa = PBXFrameworksBuildPhase;
			buildActionMask = 2147483647;
			files = (
				F68726CAD613B064E05ADF0B /* Pods_FoodAppTests.framework in Frameworks */,
			);
			runOnlyForDeploymentPostprocessing = 0;
		};
		09396F782970FB6E00EDB1E0 /* Frameworks */ = {
			isa = PBXFrameworksBuildPhase;
			buildActionMask = 2147483647;
			files = (
				CF0F983CDD29F8995D10DE75 /* Pods_FoodApp_FoodAppUITests.framework in Frameworks */,
			);
			runOnlyForDeploymentPostprocessing = 0;
		};
/* End PBXFrameworksBuildPhase section */

/* Begin PBXGroup section */
		09396F512970FB5A00EDB1E0 = {
			isa = PBXGroup;
			children = (
				09396F5C2970FB5A00EDB1E0 /* FoodApp */,
				09396F732970FB6E00EDB1E0 /* FoodAppTests */,
				09396F7E2970FB6E00EDB1E0 /* FoodAppUITests */,
				09396F5B2970FB5A00EDB1E0 /* Products */,
				227660A1D73DE8678DF71638 /* Pods */,
				8BD88E544C75FC5916FD63B2 /* Frameworks */,
			);
			sourceTree = "<group>";
		};
		09396F5B2970FB5A00EDB1E0 /* Products */ = {
			isa = PBXGroup;
			children = (
				09396F5A2970FB5A00EDB1E0 /* FoodApp.app */,
				09396F702970FB6E00EDB1E0 /* FoodAppTests.xctest */,
				09396F7B2970FB6E00EDB1E0 /* FoodAppUITests.xctest */,
			);
			name = Products;
			sourceTree = "<group>";
		};
		09396F5C2970FB5A00EDB1E0 /* FoodApp */ = {
			isa = PBXGroup;
			children = (
				09F9F2D92971275C005374E1 /* GoogleService-Info.plist */,
				09396F5D2970FB5A00EDB1E0 /* AppDelegate.swift */,
				09396F5F2970FB5A00EDB1E0 /* SceneDelegate.swift */,
				09396F612970FB5A00EDB1E0 /* ContentView.swift */,
				09396F632970FB6C00EDB1E0 /* Assets.xcassets */,
				09396F682970FB6C00EDB1E0 /* LaunchScreen.storyboard */,
				09396F6B2970FB6C00EDB1E0 /* Info.plist */,
				09396F652970FB6C00EDB1E0 /* Preview Content */,
			);
			path = FoodApp;
			sourceTree = "<group>";
		};
		09396F652970FB6C00EDB1E0 /* Preview Content */ = {
			isa = PBXGroup;
			children = (
				09396F662970FB6C00EDB1E0 /* Preview Assets.xcassets */,
			);
			path = "Preview Content";
			sourceTree = "<group>";
		};
		09396F732970FB6E00EDB1E0 /* FoodAppTests */ = {
			isa = PBXGroup;
			children = (
				09396F742970FB6E00EDB1E0 /* FoodAppTests.swift */,
				09396F762970FB6E00EDB1E0 /* Info.plist */,
			);
			path = FoodAppTests;
			sourceTree = "<group>";
		};
		09396F7E2970FB6E00EDB1E0 /* FoodAppUITests */ = {
			isa = PBXGroup;
			children = (
				09396F7F2970FB6E00EDB1E0 /* FoodAppUITests.swift */,
				09396F812970FB6E00EDB1E0 /* Info.plist */,
			);
			path = FoodAppUITests;
			sourceTree = "<group>";
		};
		227660A1D73DE8678DF71638 /* Pods */ = {
			isa = PBXGroup;
			children = (
				1746D8DDC1D281705BE5F664 /* Pods-FoodApp.debug.xcconfig */,
				28FB6EF1F34D3171F0C664AC /* Pods-FoodApp.release.xcconfig */,
				CDAFC780778C416C9BB95D4F /* Pods-FoodApp-FoodAppUITests.debug.xcconfig */,
				E344AEA93AFE270944EA5209 /* Pods-FoodApp-FoodAppUITests.release.xcconfig */,
				BCE550192CA13A08D0837B73 /* Pods-FoodAppTests.debug.xcconfig */,
				1B0729420EECE6ACBBC09E2A /* Pods-FoodAppTests.release.xcconfig */,
			);
			path = Pods;
			sourceTree = "<group>";
		};
		8BD88E544C75FC5916FD63B2 /* Frameworks */ = {
			isa = PBXGroup;
			children = (
				8F48F0E668A956C1955D21A2 /* Pods_FoodApp.framework */,
				FC020F9BF1C9F3F381F4AE82 /* Pods_FoodApp_FoodAppUITests.framework */,
				DACAB9CBB1D9C09B1F8A7A82 /* Pods_FoodAppTests.framework */,
			);
			name = Frameworks;
			sourceTree = "<group>";
		};
/* End PBXGroup section */

/* Begin PBXNativeTarget section */
		09396F592970FB5A00EDB1E0 /* FoodApp */ = {
			isa = PBXNativeTarget;
			buildConfigurationList = 09396F842970FB6E00EDB1E0 /* Build configuration list for PBXNativeTarget "FoodApp" */;
			buildPhases = (
				89136DEAB81C682C6E65FE9C /* [CP] Check Pods Manifest.lock */,
				09396F562970FB5A00EDB1E0 /* Sources */,
				09396F572970FB5A00EDB1E0 /* Frameworks */,
				09396F582970FB5A00EDB1E0 /* Resources */,
				AD33C8FE328D81339A1125E5 /* [CP] Embed Pods Frameworks */,
			);
			buildRules = (
			);
			dependencies = (
			);
			name = FoodApp;
			productName = FoodApp;
			productReference = 09396F5A2970FB5A00EDB1E0 /* FoodApp.app */;
			productType = "com.apple.product-type.application";
		};
		09396F6F2970FB6E00EDB1E0 /* FoodAppTests */ = {
			isa = PBXNativeTarget;
			buildConfigurationList = 09396F872970FB6E00EDB1E0 /* Build configuration list for PBXNativeTarget "FoodAppTests" */;
			buildPhases = (
				C9EE8FAD967599CFAA391133 /* [CP] Check Pods Manifest.lock */,
				09396F6C2970FB6E00EDB1E0 /* Sources */,
				09396F6D2970FB6E00EDB1E0 /* Frameworks */,
				09396F6E2970FB6E00EDB1E0 /* Resources */,
			);
			buildRules = (
			);
			dependencies = (
				09396F722970FB6E00EDB1E0 /* PBXTargetDependency */,
			);
			name = FoodAppTests;
			productName = FoodAppTests;
			productReference = 09396F702970FB6E00EDB1E0 /* FoodAppTests.xctest */;
			productType = "com.apple.product-type.bundle.unit-test";
		};
		09396F7A2970FB6E00EDB1E0 /* FoodAppUITests */ = {
			isa = PBXNativeTarget;
			buildConfigurationList = 09396F8A2970FB6E00EDB1E0 /* Build configuration list for PBXNativeTarget "FoodAppUITests" */;
			buildPhases = (
				17EEAAA6E44B0AEF5C5E8365 /* [CP] Check Pods Manifest.lock */,
				09396F772970FB6E00EDB1E0 /* Sources */,
				09396F782970FB6E00EDB1E0 /* Frameworks */,
				09396F792970FB6E00EDB1E0 /* Resources */,
				986BE1648DCA850190E6C85F /* [CP] Embed Pods Frameworks */,
			);
			buildRules = (
			);
			dependencies = (
				09396F7D2970FB6E00EDB1E0 /* PBXTargetDependency */,
			);
			name = FoodAppUITests;
			productName = FoodAppUITests;
			productReference = 09396F7B2970FB6E00EDB1E0 /* FoodAppUITests.xctest */;
			productType = "com.apple.product-type.bundle.ui-testing";
		};
/* End PBXNativeTarget section */

/* Begin PBXProject section */
		09396F522970FB5A00EDB1E0 /* Project object */ = {
			isa = PBXProject;
			attributes = {
				LastSwiftUpdateCheck = 1160;
				LastUpgradeCheck = 1160;
				ORGANIZATIONNAME = Sweerasinghe;
				TargetAttributes = {
					09396F592970FB5A00EDB1E0 = {
						CreatedOnToolsVersion = 11.6;
					};
					09396F6F2970FB6E00EDB1E0 = {
						CreatedOnToolsVersion = 11.6;
						TestTargetID = 09396F592970FB5A00EDB1E0;
					};
					09396F7A2970FB6E00EDB1E0 = {
						CreatedOnToolsVersion = 11.6;
						TestTargetID = 09396F592970FB5A00EDB1E0;
					};
				};
			};
			buildConfigurationList = 09396F552970FB5A00EDB1E0 /* Build configuration list for PBXProject "FoodApp" */;
			compatibilityVersion = "Xcode 9.3";
			developmentRegion = en;
			hasScannedForEncodings = 0;
			knownRegions = (
				en,
				Base,
			);
			mainGroup = 09396F512970FB5A00EDB1E0;
			productRefGroup = 09396F5B2970FB5A00EDB1E0 /* Products */;
			projectDirPath = "";
			projectRoot = "";
			targets = (
				09396F592970FB5A00EDB1E0 /* FoodApp */,
				09396F6F2970FB6E00EDB1E0 /* FoodAppTests */,
				09396F7A2970FB6E00EDB1E0 /* FoodAppUITests */,
			);
		};
/* End PBXProject section */

/* Begin PBXResourcesBuildPhase section */
		09396F582970FB5A00EDB1E0 /* Resources */ = {
			isa = PBXResourcesBuildPhase;
			buildActionMask = 2147483647;
			files = (
				09396F6A2970FB6C00EDB1E0 /* LaunchScreen.storyboard in Resources */,
				09F9F2DA2971275C005374E1 /* GoogleService-Info.plist in Resources */,
				09396F672970FB6C00EDB1E0 /* Preview Assets.xcassets in Resources */,
				09396F642970FB6C00EDB1E0 /* Assets.xcassets in Resources */,
			);
			runOnlyForDeploymentPostprocessing = 0;
		};
		09396F6E2970FB6E00EDB1E0 /* Resources */ = {
			isa = PBXResourcesBuildPhase;
			buildActionMask = 2147483647;
			files = (
			);
			runOnlyForDeploymentPostprocessing = 0;
		};
		09396F792970FB6E00EDB1E0 /* Resources */ = {
			isa = PBXResourcesBuildPhase;
			buildActionMask = 2147483647;
			files = (
			);
			runOnlyForDeploymentPostprocessing = 0;
		};
/* End PBXResourcesBuildPhase section */

/* Begin PBXShellScriptBuildPhase section */
		17EEAAA6E44B0AEF5C5E8365 /* [CP] Check Pods Manifest.lock */ = {
			isa = PBXShellScriptBuildPhase;
			buildActionMask = 2147483647;
			files = (
			);
			inputFileListPaths = (
			);
			inputPaths = (
				"${PODS_PODFILE_DIR_PATH}/Podfile.lock",
				"${PODS_ROOT}/Manifest.lock",
			);
			name = "[CP] Check Pods Manifest.lock";
			outputFileListPaths = (
			);
			outputPaths = (
				"$(DERIVED_FILE_DIR)/Pods-FoodApp-FoodAppUITests-checkManifestLockResult.txt",
			);
			runOnlyForDeploymentPostprocessing = 0;
			shellPath = /bin/sh;
			shellScript = "diff \"${PODS_PODFILE_DIR_PATH}/Podfile.lock\" \"${PODS_ROOT}/Manifest.lock\" > /dev/null\nif [ $? != 0 ] ; then\n    # print error to STDERR\n    echo \"error: The sandbox is not in sync with the Podfile.lock. Run 'pod install' or update your CocoaPods installation.\" >&2\n    exit 1\nfi\n# This output is used by Xcode 'outputs' to avoid re-running this script phase.\necho \"SUCCESS\" > \"${SCRIPT_OUTPUT_FILE_0}\"\n";
			showEnvVarsInLog = 0;
		};
		89136DEAB81C682C6E65FE9C /* [CP] Check Pods Manifest.lock */ = {
			isa = PBXShellScriptBuildPhase;
			buildActionMask = 2147483647;
			files = (
			);
			inputFileListPaths = (
			);
			inputPaths = (
				"${PODS_PODFILE_DIR_PATH}/Podfile.lock",
				"${PODS_ROOT}/Manifest.lock",
			);
			name = "[CP] Check Pods Manifest.lock";
			outputFileListPaths = (
			);
			outputPaths = (
				"$(DERIVED_FILE_DIR)/Pods-FoodApp-checkManifestLockResult.txt",
			);
			runOnlyForDeploymentPostprocessing = 0;
			shellPath = /bin/sh;
			shellScript = "diff \"${PODS_PODFILE_DIR_PATH}/Podfile.lock\" \"${PODS_ROOT}/Manifest.lock\" > /dev/null\nif [ $? != 0 ] ; then\n    # print error to STDERR\n    echo \"error: The sandbox is not in sync with the Podfile.lock. Run 'pod install' or update your CocoaPods installation.\" >&2\n    exit 1\nfi\n# This output is used by Xcode 'outputs' to avoid re-running this script phase.\necho \"SUCCESS\" > \"${SCRIPT_OUTPUT_FILE_0}\"\n";
			showEnvVarsInLog = 0;
		};
		986BE1648DCA850190E6C85F /* [CP] Embed Pods Frameworks */ = {
			isa = PBXShellScriptBuildPhase;
			buildActionMask = 2147483647;
			files = (
			);
			inputFileListPaths = (
				"${PODS_ROOT}/Target Support Files/Pods-FoodApp-FoodAppUITests/Pods-FoodApp-FoodAppUITests-frameworks-${CONFIGURATION}-input-files.xcfilelist",
			);
			name = "[CP] Embed Pods Frameworks";
			outputFileListPaths = (
				"${PODS_ROOT}/Target Support Files/Pods-FoodApp-FoodAppUITests/Pods-FoodApp-FoodAppUITests-frameworks-${CONFIGURATION}-output-files.xcfilelist",
			);
			runOnlyForDeploymentPostprocessing = 0;
			shellPath = /bin/sh;
			shellScript = "\"${PODS_ROOT}/Target Support Files/Pods-FoodApp-FoodAppUITests/Pods-FoodApp-FoodAppUITests-frameworks.sh\"\n";
			showEnvVarsInLog = 0;
		};
		AD33C8FE328D81339A1125E5 /* [CP] Embed Pods Frameworks */ = {
			isa = PBXShellScriptBuildPhase;
			buildActionMask = 2147483647;
			files = (
			);
			inputFileListPaths = (
				"${PODS_ROOT}/Target Support Files/Pods-FoodApp/Pods-FoodApp-frameworks-${CONFIGURATION}-input-files.xcfilelist",
			);
			name = "[CP] Embed Pods Frameworks";
			outputFileListPaths = (
				"${PODS_ROOT}/Target Support Files/Pods-FoodApp/Pods-FoodApp-frameworks-${CONFIGURATION}-output-files.xcfilelist",
			);
			runOnlyForDeploymentPostprocessing = 0;
			shellPath = /bin/sh;
			shellScript = "\"${PODS_ROOT}/Target Support Files/Pods-FoodApp/Pods-FoodApp-frameworks.sh\"\n";
			showEnvVarsInLog = 0;
		};
		C9EE8FAD967599CFAA391133 /* [CP] Check Pods Manifest.lock */ = {
			isa = PBXShellScriptBuildPhase;
			buildActionMask = 2147483647;
			files = (
			);
			inputFileListPaths = (
			);
			inputPaths = (
				"${PODS_PODFILE_DIR_PATH}/Podfile.lock",
				"${PODS_ROOT}/Manifest.lock",
			);
			name = "[CP] Check Pods Manifest.lock";
			outputFileListPaths = (
			);
			outputPaths = (
				"$(DERIVED_FILE_DIR)/Pods-FoodAppTests-checkManifestLockResult.txt",
			);
			runOnlyForDeploymentPostprocessing = 0;
			shellPath = /bin/sh;
			shellScript = "diff \"${PODS_PODFILE_DIR_PATH}/Podfile.lock\" \"${PODS_ROOT}/Manifest.lock\" > /dev/null\nif [ $? != 0 ] ; then\n    # print error to STDERR\n    echo \"error: The sandbox is not in sync with the Podfile.lock. Run 'pod install' or update your CocoaPods installation.\" >&2\n    exit 1\nfi\n# This output is used by Xcode 'outputs' to avoid re-running this script phase.\necho \"SUCCESS\" > \"${SCRIPT_OUTPUT_FILE_0}\"\n";
			showEnvVarsInLog = 0;
		};
/* End PBXShellScriptBuildPhase section */

/* Begin PBXSourcesBuildPhase section */
		09396F562970FB5A00EDB1E0 /* Sources */ = {
			isa = PBXSourcesBuildPhase;
			buildActionMask = 2147483647;
			files = (
				09396F5E2970FB5A00EDB1E0 /* AppDelegate.swift in Sources */,
				09396F602970FB5A00EDB1E0 /* SceneDelegate.swift in Sources */,
				09396F622970FB5A00EDB1E0 /* ContentView.swift in Sources */,
			);
			runOnlyForDeploymentPostprocessing = 0;
		};
		09396F6C2970FB6E00EDB1E0 /* Sources */ = {
			isa = PBXSourcesBuildPhase;
			buildActionMask = 2147483647;
			files = (
				09396F752970FB6E00EDB1E0 /* FoodAppTests.swift in Sources */,
			);
			runOnlyForDeploymentPostprocessing = 0;
		};
		09396F772970FB6E00EDB1E0 /* Sources */ = {
			isa = PBXSourcesBuildPhase;
			buildActionMask = 2147483647;
			files = (
				09396F802970FB6E00EDB1E0 /* FoodAppUITests.swift in Sources */,
			);
			runOnlyForDeploymentPostprocessing = 0;
		};
/* End PBXSourcesBuildPhase section */

/* Begin PBXTargetDependency section */
		09396F722970FB6E00EDB1E0 /* PBXTargetDependency */ = {
			isa = PBXTargetDependency;
			target = 09396F592970FB5A00EDB1E0 /* FoodApp */;
			targetProxy = 09396F712970FB6E00EDB1E0 /* PBXContainerItemProxy */;
		};
		09396F7D2970FB6E00EDB1E0 /* PBXTargetDependency */ = {
			isa = PBXTargetDependency;
			target = 09396F592970FB5A00EDB1E0 /* FoodApp */;
			targetProxy = 09396F7C2970FB6E00EDB1E0 /* PBXContainerItemProxy */;
		};
/* End PBXTargetDependency section */

/* Begin PBXVariantGroup section */
		09396F682970FB6C00EDB1E0 /* LaunchScreen.storyboard */ = {
			isa = PBXVariantGroup;
			children = (
				09396F692970FB6C00EDB1E0 /* Base */,
			);
			name = LaunchScreen.storyboard;
			sourceTree = "<group>";
		};
/* End PBXVariantGroup section */

/* Begin XCBuildConfiguration section */
		09396F822970FB6E00EDB1E0 /* Debug */ = {
			isa = XCBuildConfiguration;
			buildSettings = {
				ALWAYS_SEARCH_USER_PATHS = NO;
				CLANG_ANALYZER_NONNULL = YES;
				CLANG_ANALYZER_NUMBER_OBJECT_CONVERSION = YES_AGGRESSIVE;
				CLANG_CXX_LANGUAGE_STANDARD = "gnu++14";
				CLANG_CXX_LIBRARY = "libc++";
				CLANG_ENABLE_MODULES = YES;
				CLANG_ENABLE_OBJC_ARC = YES;
				CLANG_ENABLE_OBJC_WEAK = YES;
				CLANG_WARN_BLOCK_CAPTURE_AUTORELEASING = YES;
				CLANG_WARN_BOOL_CONVERSION = YES;
				CLANG_WARN_COMMA = YES;
				CLANG_WARN_CONSTANT_CONVERSION = YES;
				CLANG_WARN_DEPRECATED_OBJC_IMPLEMENTATIONS = YES;
				CLANG_WARN_DIRECT_OBJC_ISA_USAGE = YES_ERROR;
				CLANG_WARN_DOCUMENTATION_COMMENTS = YES;
				CLANG_WARN_EMPTY_BODY = YES;
				CLANG_WARN_ENUM_CONVERSION = YES;
				CLANG_WARN_INFINITE_RECURSION = YES;
				CLANG_WARN_INT_CONVERSION = YES;
				CLANG_WARN_NON_LITERAL_NULL_CONVERSION = YES;
				CLANG_WARN_OBJC_IMPLICIT_RETAIN_SELF = YES;
				CLANG_WARN_OBJC_LITERAL_CONVERSION = YES;
				CLANG_WARN_OBJC_ROOT_CLASS = YES_ERROR;
				CLANG_WARN_RANGE_LOOP_ANALYSIS = YES;
				CLANG_WARN_STRICT_PROTOTYPES = YES;
				CLANG_WARN_SUSPICIOUS_MOVE = YES;
				CLANG_WARN_UNGUARDED_AVAILABILITY = YES_AGGRESSIVE;
				CLANG_WARN_UNREACHABLE_CODE = YES;
				CLANG_WARN__DUPLICATE_METHOD_MATCH = YES;
				COPY_PHASE_STRIP = NO;
				DEBUG_INFORMATION_FORMAT = dwarf;
				ENABLE_STRICT_OBJC_MSGSEND = YES;
				ENABLE_TESTABILITY = YES;
				GCC_C_LANGUAGE_STANDARD = gnu11;
				GCC_DYNAMIC_NO_PIC = NO;
				GCC_NO_COMMON_BLOCKS = YES;
				GCC_OPTIMIZATION_LEVEL = 0;
				GCC_PREPROCESSOR_DEFINITIONS = (
					"DEBUG=1",
					"$(inherited)",
				);
				GCC_WARN_64_TO_32_BIT_CONVERSION = YES;
				GCC_WARN_ABOUT_RETURN_TYPE = YES_ERROR;
				GCC_WARN_UNDECLARED_SELECTOR = YES;
				GCC_WARN_UNINITIALIZED_AUTOS = YES_AGGRESSIVE;
				GCC_WARN_UNUSED_FUNCTION = YES;
				GCC_WARN_UNUSED_VARIABLE = YES;
				IPHONEOS_DEPLOYMENT_TARGET = 13.6;
				MTL_ENABLE_DEBUG_INFO = INCLUDE_SOURCE;
				MTL_FAST_MATH = YES;
				ONLY_ACTIVE_ARCH = YES;
				SDKROOT = iphoneos;
				SWIFT_ACTIVE_COMPILATION_CONDITIONS = DEBUG;
				SWIFT_OPTIMIZATION_LEVEL = "-Onone";
			};
			name = Debug;
		};
		09396F832970FB6E00EDB1E0 /* Release */ = {
			isa = XCBuildConfiguration;
			buildSettings = {
				ALWAYS_SEARCH_USER_PATHS = NO;
				CLANG_ANALYZER_NONNULL = YES;
				CLANG_ANALYZER_NUMBER_OBJECT_CONVERSION = YES_AGGRESSIVE;
				CLANG_CXX_LANGUAGE_STANDARD = "gnu++14";
				CLANG_CXX_LIBRARY = "libc++";
				CLANG_ENABLE_MODULES = YES;
				CLANG_ENABLE_OBJC_ARC = YES;
				CLANG_ENABLE_OBJC_WEAK = YES;
				CLANG_WARN_BLOCK_CAPTURE_AUTORELEASING = YES;
				CLANG_WARN_BOOL_CONVERSION = YES;
				CLANG_WARN_COMMA = YES;
				CLANG_WARN_CONSTANT_CONVERSION = YES;
				CLANG_WARN_DEPRECATED_OBJC_IMPLEMENTATIONS = YES;
				CLANG_WARN_DIRECT_OBJC_ISA_USAGE = YES_ERROR;
				CLANG_WARN_DOCUMENTATION_COMMENTS = YES;
				CLANG_WARN_EMPTY_BODY = YES;
				CLANG_WARN_ENUM_CONVERSION = YES;
				CLANG_WARN_INFINITE_RECURSION = YES;
				CLANG_WARN_INT_CONVERSION = YES;
				CLANG_WARN_NON_LITERAL_NULL_CONVERSION = YES;
				CLANG_WARN_OBJC_IMPLICIT_RETAIN_SELF = YES;
				CLANG_WARN_OBJC_LITERAL_CONVERSION = YES;
				CLANG_WARN_OBJC_ROOT_CLASS = YES_ERROR;
				CLANG_WARN_RANGE_LOOP_ANALYSIS = YES;
				CLANG_WARN_STRICT_PROTOTYPES = YES;
				CLANG_WARN_SUSPICIOUS_MOVE = YES;
				CLANG_WARN_UNGUARDED_AVAILABILITY = YES_AGGRESSIVE;
				CLANG_WARN_UNREACHABLE_CODE = YES;
				CLANG_WARN__DUPLICATE_METHOD_MATCH = YES;
				COPY_PHASE_STRIP = NO;
				DEBUG_INFORMATION_FORMAT = "dwarf-with-dsym";
				ENABLE_NS_ASSERTIONS = NO;
				ENABLE_STRICT_OBJC_MSGSEND = YES;
				GCC_C_LANGUAGE_STANDARD = gnu11;
				GCC_NO_COMMON_BLOCKS = YES;
				GCC_WARN_64_TO_32_BIT_CONVERSION = YES;
				GCC_WARN_ABOUT_RETURN_TYPE = YES_ERROR;
				GCC_WARN_UNDECLARED_SELECTOR = YES;
				GCC_WARN_UNINITIALIZED_AUTOS = YES_AGGRESSIVE;
				GCC_WARN_UNUSED_FUNCTION = YES;
				GCC_WARN_UNUSED_VARIABLE = YES;
				IPHONEOS_DEPLOYMENT_TARGET = 13.6;
				MTL_ENABLE_DEBUG_INFO = NO;
				MTL_FAST_MATH = YES;
				SDKROOT = iphoneos;
				SWIFT_COMPILATION_MODE = wholemodule;
				SWIFT_OPTIMIZATION_LEVEL = "-O";
				VALIDATE_PRODUCT = YES;
			};
			name = Release;
		};
		09396F852970FB6E00EDB1E0 /* Debug */ = {
			isa = XCBuildConfiguration;
			baseConfigurationReference = 1746D8DDC1D281705BE5F664 /* Pods-FoodApp.debug.xcconfig */;
			buildSettings = {
				ASSETCATALOG_COMPILER_APPICON_NAME = AppIcon;
				CODE_SIGN_STYLE = Automatic;
				DEVELOPMENT_ASSET_PATHS = "\"FoodApp/Preview Content\"";
				DEVELOPMENT_TEAM = N2THM4JP49;
				ENABLE_PREVIEWS = YES;
				INFOPLIST_FILE = FoodApp/Info.plist;
				LD_RUNPATH_SEARCH_PATHS = (
					"$(inherited)",
					"@executable_path/Frameworks",
				);
				PRODUCT_BUNDLE_IDENTIFIER = com.sweerasinghe.FoodApp;
				PRODUCT_NAME = "$(TARGET_NAME)";
				SWIFT_VERSION = 5.0;
				TARGETED_DEVICE_FAMILY = "1,2";
			};
			name = Debug;
		};
		09396F862970FB6E00EDB1E0 /* Release */ = {
			isa = XCBuildConfiguration;
			baseConfigurationReference = 28FB6EF1F34D3171F0C664AC /* Pods-FoodApp.release.xcconfig */;
			buildSettings = {
				ASSETCATALOG_COMPILER_APPICON_NAME = AppIcon;
				CODE_SIGN_STYLE = Automatic;
				DEVELOPMENT_ASSET_PATHS = "\"FoodApp/Preview Content\"";
				DEVELOPMENT_TEAM = N2THM4JP49;
				ENABLE_PREVIEWS = YES;
				INFOPLIST_FILE = FoodApp/Info.plist;
				LD_RUNPATH_SEARCH_PATHS = (
					"$(inherited)",
					"@executable_path/Frameworks",
				);
				PRODUCT_BUNDLE_IDENTIFIER = com.sweerasinghe.FoodApp;
				PRODUCT_NAME = "$(TARGET_NAME)";
				SWIFT_VERSION = 5.0;
				TARGETED_DEVICE_FAMILY = "1,2";
			};
			name = Release;
		};
		09396F882970FB6E00EDB1E0 /* Debug */ = {
			isa = XCBuildConfiguration;
			baseConfigurationReference = BCE550192CA13A08D0837B73 /* Pods-FoodAppTests.debug.xcconfig */;
			buildSettings = {
				ALWAYS_EMBED_SWIFT_STANDARD_LIBRARIES = YES;
				BUNDLE_LOADER = "$(TEST_HOST)";
				CODE_SIGN_STYLE = Automatic;
				DEVELOPMENT_TEAM = N2THM4JP49;
				INFOPLIST_FILE = FoodAppTests/Info.plist;
				IPHONEOS_DEPLOYMENT_TARGET = 13.6;
				LD_RUNPATH_SEARCH_PATHS = (
					"$(inherited)",
					"@executable_path/Frameworks",
					"@loader_path/Frameworks",
				);
				PRODUCT_BUNDLE_IDENTIFIER = com.sweerasinghe.FoodAppTests;
				PRODUCT_NAME = "$(TARGET_NAME)";
				SWIFT_VERSION = 5.0;
				TARGETED_DEVICE_FAMILY = "1,2";
				TEST_HOST = "$(BUILT_PRODUCTS_DIR)/FoodApp.app/FoodApp";
			};
			name = Debug;
		};
		09396F892970FB6E00EDB1E0 /* Release */ = {
			isa = XCBuildConfiguration;
			baseConfigurationReference = 1B0729420EECE6ACBBC09E2A /* Pods-FoodAppTests.release.xcconfig */;
			buildSettings = {
				ALWAYS_EMBED_SWIFT_STANDARD_LIBRARIES = YES;
				BUNDLE_LOADER = "$(TEST_HOST)";
				CODE_SIGN_STYLE = Automatic;
				DEVELOPMENT_TEAM = N2THM4JP49;
				INFOPLIST_FILE = FoodAppTests/Info.plist;
				IPHONEOS_DEPLOYMENT_TARGET = 13.6;
				LD_RUNPATH_SEARCH_PATHS = (
					"$(inherited)",
					"@executable_path/Frameworks",
					"@loader_path/Frameworks",
				);
				PRODUCT_BUNDLE_IDENTIFIER = com.sweerasinghe.FoodAppTests;
				PRODUCT_NAME = "$(TARGET_NAME)";
				SWIFT_VERSION = 5.0;
				TARGETED_DEVICE_FAMILY = "1,2";
				TEST_HOST = "$(BUILT_PRODUCTS_DIR)/FoodApp.app/FoodApp";
			};
			name = Release;
		};
		09396F8B2970FB6E00EDB1E0 /* Debug */ = {
			isa = XCBuildConfiguration;
			baseConfigurationReference = CDAFC780778C416C9BB95D4F /* Pods-FoodApp-FoodAppUITests.debug.xcconfig */;
			buildSettings = {
				ALWAYS_EMBED_SWIFT_STANDARD_LIBRARIES = YES;
				CODE_SIGN_STYLE = Automatic;
				DEVELOPMENT_TEAM = N2THM4JP49;
				INFOPLIST_FILE = FoodAppUITests/Info.plist;
				LD_RUNPATH_SEARCH_PATHS = (
					"$(inherited)",
					"@executable_path/Frameworks",
					"@loader_path/Frameworks",
				);
				PRODUCT_BUNDLE_IDENTIFIER = com.sweerasinghe.FoodAppUITests;
				PRODUCT_NAME = "$(TARGET_NAME)";
				SWIFT_VERSION = 5.0;
				TARGETED_DEVICE_FAMILY = "1,2";
				TEST_TARGET_NAME = FoodApp;
			};
			name = Debug;
		};
		09396F8C2970FB6E00EDB1E0 /* Release */ = {
			isa = XCBuildConfiguration;
			baseConfigurationReference = E344AEA93AFE270944EA5209 /* Pods-FoodApp-FoodAppUITests.release.xcconfig */;
			buildSettings = {
				ALWAYS_EMBED_SWIFT_STANDARD_LIBRARIES = YES;
				CODE_SIGN_STYLE = Automatic;
				DEVELOPMENT_TEAM = N2THM4JP49;
				INFOPLIST_FILE = FoodAppUITests/Info.plist;
				LD_RUNPATH_SEARCH_PATHS = (
					"$(inherited)",
					"@executable_path/Frameworks",
					"@loader_path/Frameworks",
				);
				PRODUCT_BUNDLE_IDENTIFIER = com.sweerasinghe.FoodAppUITests;
				PRODUCT_NAME = "$(TARGET_NAME)";
				SWIFT_VERSION = 5.0;
				TARGETED_DEVICE_FAMILY = "1,2";
				TEST_TARGET_NAME = FoodApp;
			};
			name = Release;
		};
/* End XCBuildConfiguration section */

/* Begin XCConfigurationList section */
		09396F552970FB5A00EDB1E0 /* Build configuration list for PBXProject "FoodApp" */ = {
			isa = XCConfigurationList;
			buildConfigurations = (
				09396F822970FB6E00EDB1E0 /* Debug */,
				09396F832970FB6E00EDB1E0 /* Release */,
			);
			defaultConfigurationIsVisible = 0;
			defaultConfigurationName = Release;
		};
		09396F842970FB6E00EDB1E0 /* Build configuration list for PBXNativeTarget "FoodApp" */ = {
			isa = XCConfigurationList;
			buildConfigurations = (
				09396F852970FB6E00EDB1E0 /* Debug */,
				09396F862970FB6E00EDB1E0 /* Release */,
			);
			defaultConfigurationIsVisible = 0;
			defaultConfigurationName = Release;
		};
		09396F872970FB6E00EDB1E0 /* Build configuration list for PBXNativeTarget "FoodAppTests" */ = {
			isa = XCConfigurationList;
			buildConfigurations = (
				09396F882970FB6E00EDB1E0 /* Debug */,
				09396F892970FB6E00EDB1E0 /* Release */,
			);
			defaultConfigurationIsVisible = 0;
			defaultConfigurationName = Release;
		};
		09396F8A2970FB6E00EDB1E0 /* Build configuration list for PBXNativeTarget "FoodAppUITests" */ = {
			isa = XCConfigurationList;
			buildConfigurations = (
				09396F8B2970FB6E00EDB1E0 /* Debug */,
				09396F8C2970FB6E00EDB1E0 /* Release */,
			);
			defaultConfigurationIsVisible = 0;
			defaultConfigurationName = Release;
		};
/* End XCConfigurationList section */
	};
	rootObject = 09396F522970FB5A00EDB1E0 /* Project object */;
}
